<?xml version="1.0" encoding="utf-8"?>
<Project ToolsVersion="4.0" xmlns="http://schemas.microsoft.com/developer/msbuild/2003">
  <ItemGroup>
    <ClCompile Include="Bomb.cpp" />
    <ClCompile Include="Building.cpp" />
    <ClCompile Include="Calculator.cpp" />
    <ClCompile Include="Color.cpp" />
    <ClCompile Include="Destruction.cpp" />
    <ClCompile Include="Flash.cpp" />
    <ClCompile Include="Generator.cpp" />
    <ClCompile Include="Globals.cpp" />
    <ClCompile Include="Item.cpp" />
    <ClCompile Include="ItemManager.cpp" />
    <ClCompile Include="Explosion.cpp" />
    <ClCompile Include="Game.cpp" />
    <ClCompile Include="Graphics.cpp" />
    <ClCompile Include="Launcher.cpp" />
    <ClCompile Include="Level.cpp" />
    <ClCompile Include="Main.cpp" />
    <ClCompile Include="Menu.cpp" />
    <ClCompile Include="MenuButton.cpp" />
    <ClCompile Include="Missile.cpp" />
    <ClCompile Include="Music.cpp" />
    <ClCompile Include="Point.cpp" />
    <ClCompile Include="Bitmapper.cpp" />
    <ClCompile Include="Popup.cpp" />
    <ClCompile Include="Schedule.cpp" />
    <ClCompile Include="TextRenderer.cpp" />
    <ClCompile Include="Timer.cpp" />
    <ClCompile Include="Verifier.cpp" />
    <ClCompile Include="Window.cpp" />
    <ClCompile Include="GameSave.cpp" />
  </ItemGroup>
  <ItemGroup>
    <ClInclude Include="Bomb.h" />
    <ClInclude Include="Building.h" />
    <ClInclude Include="Calculator.h" />
    <ClInclude Include="Color.h" />
    <ClInclude Include="Destruction.h" />
    <ClInclude Include="Flash.h" />
    <ClInclude Include="Generator.h" />
    <ClInclude Include="Globals.h" />
    <ClInclude Include="Level.h" />
    <ClInclude Include="Menu.h" />
    <ClInclude Include="Music.h" />
    <ClInclude Include="MenuButton.h" />
    <ClInclude Include="Popup.h" />
    <ClInclude Include="Schedule.h" />
    <ClInclude Include="Source.h" />
    <ClInclude Include="Item.h" />
    <ClInclude Include="ItemManager.h" />
    <ClInclude Include="Explosion.h" />
    <ClInclude Include="Game.h" />
    <ClInclude Include="Graphics.h" />
    <ClInclude Include="Launcher.h" />
    <ClInclude Include="Missile.h" />
    <ClInclude Include="Point.h" />
    <ClInclude Include="resource.h" />
    <ClInclude Include="Bitmapper.h" />
    <ClInclude Include="TextRenderer.h" />
    <ClInclude Include="Timer.h" />
    <ClInclude Include="Verifier.h" />
    <ClInclude Include="Window.h" />
    <ClInclude Include="GameSave.h" />
  </ItemGroup>
  <ItemGroup>
    <ResourceCompile Include="resource.rc" />
  </ItemGroup>
  <ItemGroup>
    <Media Include="musicBomb.wav" />
    <Media Include="musicExploxion.wav" />
    <Media Include="musicMissile.wav" />
    <Media Include="musicLevel.wav" />
    <Media Include="musicMenu.wav" />
  </ItemGroup>
  <ItemGroup>
    <Image Include="ammo.png" />
    <Image Include="explosion-blue.png" />
    <Image Include="building-green.png" />
    <Image Include="destruction.png" />
    <Image Include="launcher-cannon.png" />
    <Image Include="logo.ico" />
    <Image Include="bomb-cluster.png" />
    <Image Include="explosion-cyan.png" />
    <Image Include="launcher.png" />
    <Image Include="launcher-flash.png" />
    <Image Include="explosion-grey.png" />
    <Image Include="map-grass.jpg" />
    <Image Include="map-planets.jpg" />
    <Image Include="map-river.jpg" />
    <Image Include="map-rocks.jpg" />
    <Image Include="menu-background.jpg" />
    <Image Include="missile.png" />
    <Image Include="map-ice.jpg" />
    <Image Include="bomb-napalm.png" />
    <Image Include="bomb-normal.png" />
    <Image Include="bomb-nuclear.png" />
    <Image Include="explosion-purple.png" />
    <Image Include="explosion-red.png" />
    <Image Include="bomb-rod.png" />
    <Image Include="menu-title.png" />
    <Image Include="explosion-yellow.png" />
  </ItemGroup>
  <ItemGroup>
    <None Include="radioactive-cursor.cur" />
    <None Include="radioactive-precision.ani" />
    <None Include="radioactive-select.ani" />
  </ItemGroup>
  <ItemGroup>
    <Text Include="playerProgress.txt" />
  </ItemGroup>
</Project>